
Microsoft Visual Studio Solution File, Format Version 12.00
# Visual Studio Version 17
VisualStudioVersion = 17.5.33627.172
MinimumVisualStudioVersion = 10.0.40219.1
Project("{FAE04EC0-301F-11D3-BF4B-00C04F79EFBC}") = "tarea1", "tarea1\tarea1.csproj", "{F6879D33-359A-4CA8-ACA9-4E1CF6BA87BD}"
EndProject
Global
	GlobalSection(SolutionConfigurationPlatforms) = preSolution
		Debug|Any CPU = Debug|Any CPU
		Release|Any CPU = Release|Any CPU
	EndGlobalSection
	GlobalSection(ProjectConfigurationPlatforms) = postSolution
		{F6879D33-359A-4CA8-ACA9-4E1CF6BA87BD}.Debug|Any CPU.ActiveCfg = Debug|Any CPU
		{F6879D33-359A-4CA8-ACA9-4E1CF6BA87BD}.Debug|Any CPU.Build.0 = Debug|Any CPU
		{F6879D33-359A-4CA8-ACA9-4E1CF6BA87BD}.Release|Any CPU.ActiveCfg = Release|Any CPU
		{F6879D33-359A-4CA8-ACA9-4E1CF6BA87BD}.Release|Any CPU.Build.0 = Release|Any CPU
	EndGlobalSection
	GlobalSection(SolutionProperties) = preSolution
		HideSolutionNode = FALSE
	EndGlobalSection
	GlobalSection(ExtensibilityGlobals) = postSolution
		SolutionGuid = {DF58DA21-32E9-48AB-B787-9346B11EE3CB}
	EndGlobalSection
EndGlobal
